// !$*UTF8*$!
{
	archiveVersion = 1;
	classes = {
	};
	objectVersion = 55;
	objects = {

/* Begin PBXBuildFile section */
		6D7508B6274AC3B7009F3D4C /* timeConverter.swift in Sources */ = {isa = PBXBuildFile; fileRef = 6D7508B5274AC3B7009F3D4C /* timeConverter.swift */; };
		6D7B3B4027497C5F00A2D10B /* CircularProgress.swift in Sources */ = {isa = PBXBuildFile; fileRef = 6D7B3B3F27497C5F00A2D10B /* CircularProgress.swift */; };
		6DE60BB32747D15400925D7A /* AppDelegate.swift in Sources */ = {isa = PBXBuildFile; fileRef = 6DE60BB22747D15400925D7A /* AppDelegate.swift */; };
		6DE60BB52747D15400925D7A /* SceneDelegate.swift in Sources */ = {isa = PBXBuildFile; fileRef = 6DE60BB42747D15400925D7A /* SceneDelegate.swift */; };
		6DE60BB72747D15400925D7A /* ViewController.swift in Sources */ = {isa = PBXBuildFile; fileRef = 6DE60BB62747D15400925D7A /* ViewController.swift */; };
		6DE60BBA2747D15400925D7A /* Main.storyboard in Resources */ = {isa = PBXBuildFile; fileRef = 6DE60BB82747D15400925D7A /* Main.storyboard */; };
		6DE60BBC2747D15600925D7A /* Assets.xcassets in Resources */ = {isa = PBXBuildFile; fileRef = 6DE60BBB2747D15600925D7A /* Assets.xcassets */; };
		6DE60BBF2747D15600925D7A /* LaunchScreen.storyboard in Resources */ = {isa = PBXBuildFile; fileRef = 6DE60BBD2747D15600925D7A /* LaunchScreen.storyboard */; };
/* End PBXBuildFile section */

/* Begin PBXFileReference section */
		6D7508B5274AC3B7009F3D4C /* timeConverter.swift */ = {isa = PBXFileReference; lastKnownFileType = sourcecode.swift; name = timeConverter.swift; path = ../../../../../../../../../../Applications/timeConverter.swift; sourceTree = "<group>"; };
		6D7B3B3F27497C5F00A2D10B /* CircularProgress.swift */ = {isa = PBXFileReference; lastKnownFileType = sourcecode.swift; path = CircularProgress.swift; sourceTree = "<group>"; };
		6DE60BAF2747D15400925D7A /* iOS4-HW11.app */ = {isa = PBXFileReference; explicitFileType = wrapper.application; includeInIndex = 0; path = "iOS4-HW11.app"; sourceTree = BUILT_PRODUCTS_DIR; };
		6DE60BB22747D15400925D7A /* AppDelegate.swift */ = {isa = PBXFileReference; lastKnownFileType = sourcecode.swift; path = AppDelegate.swift; sourceTree = "<group>"; };
		6DE60BB42747D15400925D7A /* SceneDelegate.swift */ = {isa = PBXFileReference; lastKnownFileType = sourcecode.swift; path = SceneDelegate.swift; sourceTree = "<group>"; };
		6DE60BB62747D15400925D7A /* ViewController.swift */ = {isa = PBXFileReference; lastKnownFileType = sourcecode.swift; path = ViewController.swift; sourceTree = "<group>"; };
		6DE60BB92747D15400925D7A /* Base */ = {isa = PBXFileReference; lastKnownFileType = file.storyboard; name = Base; path = Base.lproj/Main.storyboard; sourceTree = "<group>"; };
		6DE60BBB2747D15600925D7A /* Assets.xcassets */ = {isa = PBXFileReference; lastKnownFileType = folder.assetcatalog; path = Assets.xcassets; sourceTree = "<group>"; };
		6DE60BBE2747D15600925D7A /* Base */ = {isa = PBXFileReference; lastKnownFileType = file.storyboard; name = Base; path = Base.lproj/LaunchScreen.storyboard; sourceTree = "<group>"; };
		6DE60BC02747D15600925D7A /* Info.plist */ = {isa = PBXFileReference; lastKnownFileType = text.plist.xml; path = Info.plist; sourceTree = "<group>"; };
/* End PBXFileReference section */

/* Begin PBXFrameworksBuildPhase section */
		6DE60BAC2747D15400925D7A /* Frameworks */ = {
			isa = PBXFrameworksBuildPhase;
			buildActionMask = 2147483647;
			files = (
			);
			runOnlyForDeploymentPostprocessing = 0;
		};
/* End PBXFrameworksBuildPhase section */

/* Begin PBXGroup section */
		6DE60BA62747D15400925D7A = {
			isa = PBXGroup;
			children = (
				6DE60BB12747D15400925D7A /* iOS4-HW11 */,
				6DE60BB02747D15400925D7A /* Products */,
			);
			sourceTree = "<group>";
		};
		6DE60BB02747D15400925D7A /* Products */ = {
			isa = PBXGroup;
			children = (
				6DE60BAF2747D15400925D7A /* iOS4-HW11.app */,
			);
			name = Products;
			sourceTree = "<group>";
		};
		6DE60BB12747D15400925D7A /* iOS4-HW11 */ = {
			isa = PBXGroup;
			children = (
				6DE60BB22747D15400925D7A /* AppDelegate.swift */,
				6DE60BB42747D15400925D7A /* SceneDelegate.swift */,
				6DE60BB62747D15400925D7A /* ViewController.swift */,
				6D7508B5274AC3B7009F3D4C /* timeConverter.swift */,
				6D7B3B3F27497C5F00A2D10B /* CircularProgress.swift */,
				6DE60BB82747D15400925D7A /* Main.storyboard */,
				6DE60BBB2747D15600925D7A /* Assets.xcassets */,
				6DE60BBD2747D15600925D7A /* LaunchScreen.storyboard */,
				6DE60BC02747D15600925D7A /* Info.plist */,
			);
			path = "iOS4-HW11";
			sourceTree = "<group>";
		};
/* End PBXGroup section */

/* Begin PBXNativeTarget section */
		6DE60BAE2747D15400925D7A /* iOS4-HW11 */ = {
			isa = PBXNativeTarget;
			buildConfigurationList = 6DE60BC32747D15600925D7A /* Build configuration list for PBXNativeTarget "iOS4-HW11" */;
			buildPhases = (
				6DE60BAB2747D15400925D7A /* Sources */,
				6DE60BAC2747D15400925D7A /* Frameworks */,
				6DE60BAD2747D15400925D7A /* Resources */,
			);
			buildRules = (
			);
			dependencies = (
			);
			name = "iOS4-HW11";
			productName = "iOS4-HW11";
			productReference = 6DE60BAF2747D15400925D7A /* iOS4-HW11.app */;
			productType = "com.apple.product-type.application";
		};
/* End PBXNativeTarget section */

/* Begin PBXProject section */
		6DE60BA72747D15400925D7A /* Project object */ = {
			isa = PBXProject;
			attributes = {
				BuildIndependentTargetsInParallel = 1;
				LastSwiftUpdateCheck = 1310;
				LastUpgradeCheck = 1310;
				TargetAttributes = {
					6DE60BAE2747D15400925D7A = {
						CreatedOnToolsVersion = 13.1;
					};
				};
			};
			buildConfigurationList = 6DE60BAA2747D15400925D7A /* Build configuration list for PBXProject "iOS4-HW11" */;
			compatibilityVersion = "Xcode 13.0";
			developmentRegion = en;
			hasScannedForEncodings = 0;
			knownRegions = (
				en,
				Base,
			);
			mainGroup = 6DE60BA62747D15400925D7A;
			productRefGroup = 6DE60BB02747D15400925D7A /* Products */;
			projectDirPath = "";
			projectRoot = "";
			targets = (
				6DE60BAE2747D15400925D7A /* iOS4-HW11 */,
			);
		};
/* End PBXProject section */

/* Begin PBXResourcesBuildPhase section */
		6DE60BAD2747D15400925D7A /* Resources */ = {
			isa = PBXResourcesBuildPhase;
			buildActionMask = 2147483647;
			files = (
				6DE60BBF2747D15600925D7A /* LaunchScreen.storyboard in Resources */,
				6DE60BBC2747D15600925D7A /* Assets.xcassets in Resources */,
				6DE60BBA2747D15400925D7A /* Main.storyboard in Resources */,
			);
			runOnlyForDeploymentPostprocessing = 0;
		};
/* End PBXResourcesBuildPhase section */

/* Begin PBXSourcesBuildPhase section */
		6DE60BAB2747D15400925D7A /* Sources */ = {
			isa = PBXSourcesBuildPhase;
			buildActionMask = 2147483647;
			files = (
				6DE60BB72747D15400925D7A /* ViewController.swift in Sources */,
				6DE60BB32747D15400925D7A /* AppDelegate.swift in Sources */,
				6DE60BB52747D15400925D7A /* SceneDelegate.swift in Sources */,
				6D7B3B4027497C5F00A2D10B /* CircularProgress.swift in Sources */,
				6D7508B6274AC3B7009F3D4C /* timeConverter.swift in Sources */,
			);
			runOnlyForDeploymentPostprocessing = 0;
		};
/* End PBXSourcesBuildPhase section */

/* Begin PBXVariantGroup section */
		6DE60BB82747D15400925D7A /* Main.storyboard */ = {
			isa = PBXVariantGroup;
			children = (
				6DE60BB92747D15400925D7A /* Base */,
			);
			name = Main.storyboard;
			sourceTree = "<group>";
		};
		6DE60BBD2747D15600925D7A /* LaunchScreen.storyboard */ = {
			isa = PBXVariantGroup;
			children = (
				6DE60BBE2747D15600925D7A /* Base */,
			);
			name = LaunchScreen.storyboard;
			sourceTree = "<group>";
		};
/* End PBXVariantGroup section */

/* Begin XCBuildConfiguration section */
		6DE60BC12747D15600925D7A /* Debug */ = {
			isa = XCBuildConfiguration;
			buildSettings = {
				ALWAYS_SEARCH_USER_PATHS = NO;
				CLANG_ANALYZER_NONNULL = YES;
				CLANG_ANALYZER_NUMBER_OBJECT_CONVERSION = YES_AGGRESSIVE;
				CLANG_CXX_LANGUAGE_STANDARD = "gnu++17";
				CLANG_CXX_LIBRARY = "libc++";
				CLANG_ENABLE_MODULES = YES;
				CLANG_ENABLE_OBJC_ARC = YES;
				CLANG_ENABLE_OBJC_WEAK = YES;
				CLANG_WARN_BLOCK_CAPTURE_AUTORELEASING = YES;
				CLANG_WARN_BOOL_CONVERSION = YES;
				CLANG_WARN_COMMA = YES;
				CLANG_WARN_CONSTANT_CONVERSION = YES;
				CLANG_WARN_DEPRECATED_OBJC_IMPLEMENTATIONS = YES;
				CLANG_WARN_DIRECT_OBJC_ISA_USAGE = YES_ERROR;
				CLANG_WARN_DOCUMENTATION_COMMENTS = YES;
				CLANG_WARN_EMPTY_BODY = YES;
				CLANG_WARN_ENUM_CONVERSION = YES;
				CLANG_WARN_INFINITE_RECURSION = YES;
				CLANG_WARN_INT_CONVERSION = YES;
				CLANG_WARN_NON_LITERAL_NULL_CONVERSION = YES;
				CLANG_WARN_OBJC_IMPLICIT_RETAIN_SELF = YES;
				CLANG_WARN_OBJC_LITERAL_CONVERSION = YES;
				CLANG_WARN_OBJC_ROOT_CLASS = YES_ERROR;
				CLANG_WARN_QUOTED_INCLUDE_IN_FRAMEWORK_HEADER = YES;
				CLANG_WARN_RANGE_LOOP_ANALYSIS = YES;
				CLANG_WARN_STRICT_PROTOTYPES = YES;
				CLANG_WARN_SUSPICIOUS_MOVE = YES;
				CLANG_WARN_UNGUARDED_AVAILABILITY = YES_AGGRESSIVE;
				CLANG_WARN_UNREACHABLE_CODE = YES;
				CLANG_WARN__DUPLICATE_METHOD_MATCH = YES;
				COPY_PHASE_STRIP = NO;
				DEBUG_INFORMATION_FORMAT = dwarf;
				ENABLE_STRICT_OBJC_MSGSEND = YES;
				ENABLE_TESTABILITY = YES;
				GCC_C_LANGUAGE_STANDARD = gnu11;
				GCC_DYNAMIC_NO_PIC = NO;
				GCC_NO_COMMON_BLOCKS = YES;
				GCC_OPTIMIZATION_LEVEL = 0;
				GCC_PREPROCESSOR_DEFINITIONS = (
					"DEBUG=1",
					"$(inherited)",
				);
				GCC_WARN_64_TO_32_BIT_CONVERSION = YES;
				GCC_WARN_ABOUT_RETURN_TYPE = YES_ERROR;
				GCC_WARN_UNDECLARED_SELECTOR = YES;
				GCC_WARN_UNINITIALIZED_AUTOS = YES_AGGRESSIVE;
				GCC_WARN_UNUSED_FUNCTION = YES;
				GCC_WARN_UNUSED_VARIABLE = YES;
				IPHONEOS_DEPLOYMENT_TARGET = 15.0;
				MTL_ENABLE_DEBUG_INFO = INCLUDE_SOURCE;
				MTL_FAST_MATH = YES;
				ONLY_ACTIVE_ARCH = YES;
				SDKROOT = iphoneos;
				SWIFT_ACTIVE_COMPILATION_CONDITIONS = DEBUG;
				SWIFT_OPTIMIZATION_LEVEL = "-Onone";
			};
			name = Debug;
		};
		6DE60BC22747D15600925D7A /* Release */ = {
			isa = XCBuildConfiguration;
			buildSettings = {
				ALWAYS_SEARCH_USER_PATHS = NO;
				CLANG_ANALYZER_NONNULL = YES;
				CLANG_ANALYZER_NUMBER_OBJECT_CONVERSION = YES_AGGRESSIVE;
				CLANG_CXX_LANGUAGE_STANDARD = "gnu++17";
				CLANG_CXX_LIBRARY = "libc++";
				CLANG_ENABLE_MODULES = YES;
				CLANG_ENABLE_OBJC_ARC = YES;
				CLANG_ENABLE_OBJC_WEAK = YES;
				CLANG_WARN_BLOCK_CAPTURE_AUTORELEASING = YES;
				CLANG_WARN_BOOL_CONVERSION = YES;
				CLANG_WARN_COMMA = YES;
				CLANG_WARN_CONSTANT_CONVERSION = YES;
				CLANG_WARN_DEPRECATED_OBJC_IMPLEMENTATIONS = YES;
				CLANG_WARN_DIRECT_OBJC_ISA_USAGE = YES_ERROR;
				CLANG_WARN_DOCUMENTATION_COMMENTS = YES;
				CLANG_WARN_EMPTY_BODY = YES;
				CLANG_WARN_ENUM_CONVERSION = YES;
				CLANG_WARN_INFINITE_RECURSION = YES;
				CLANG_WARN_INT_CONVERSION = YES;
				CLANG_WARN_NON_LITERAL_NULL_CONVERSION = YES;
				CLANG_WARN_OBJC_IMPLICIT_RETAIN_SELF = YES;
				CLANG_WARN_OBJC_LITERAL_CONVERSION = YES;
				CLANG_WARN_OBJC_ROOT_CLASS = YES_ERROR;
				CLANG_WARN_QUOTED_INCLUDE_IN_FRAMEWORK_HEADER = YES;
				CLANG_WARN_RANGE_LOOP_ANALYSIS = YES;
				CLANG_WARN_STRICT_PROTOTYPES = YES;
				CLANG_WARN_SUSPICIOUS_MOVE = YES;
				CLANG_WARN_UNGUARDED_AVAILABILITY = YES_AGGRESSIVE;
				CLANG_WARN_UNREACHABLE_CODE = YES;
				CLANG_WARN__DUPLICATE_METHOD_MATCH = YES;
				COPY_PHASE_STRIP = NO;
				DEBUG_INFORMATION_FORMAT = "dwarf-with-dsym";
				ENABLE_NS_ASSERTIONS = NO;
				ENABLE_STRICT_OBJC_MSGSEND = YES;
				GCC_C_LANGUAGE_STANDARD = gnu11;
				GCC_NO_COMMON_BLOCKS = YES;
				GCC_WARN_64_TO_32_BIT_CONVERSION = YES;
				GCC_WARN_ABOUT_RETURN_TYPE = YES_ERROR;
				GCC_WARN_UNDECLARED_SELECTOR = YES;
				GCC_WARN_UNINITIALIZED_AUTOS = YES_AGGRESSIVE;
				GCC_WARN_UNUSED_FUNCTION = YES;
				GCC_WARN_UNUSED_VARIABLE = YES;
				IPHONEOS_DEPLOYMENT_TARGET = 15.0;
				MTL_ENABLE_DEBUG_INFO = NO;
				MTL_FAST_MATH = YES;
				SDKROOT = iphoneos;
				SWIFT_COMPILATION_MODE = wholemodule;
				SWIFT_OPTIMIZATION_LEVEL = "-O";
				VALIDATE_PRODUCT = YES;
			};
			name = Release;
		};
		6DE60BC42747D15600925D7A /* Debug */ = {
			isa = XCBuildConfiguration;
			buildSettings = {
				ASSETCATALOG_COMPILER_APPICON_NAME = AppIcon;
				ASSETCATALOG_COMPILER_GLOBAL_ACCENT_COLOR_NAME = AccentColor;
				CODE_SIGN_STYLE = Automatic;
				CURRENT_PROJECT_VERSION = 1;
				DEVELOPMENT_TEAM = ZB4T6SD8SN;
				GENERATE_INFOPLIST_FILE = YES;
				INFOPLIST_FILE = "iOS4-HW11/Info.plist";
				INFOPLIST_KEY_UIApplicationSupportsIndirectInputEvents = YES;
				INFOPLIST_KEY_UILaunchStoryboardName = LaunchScreen;
				INFOPLIST_KEY_UIMainStoryboardFile = Main;
				INFOPLIST_KEY_UISupportedInterfaceOrientations_iPad = "UIInterfaceOrientationPortrait UIInterfaceOrientationPortraitUpsideDown UIInterfaceOrientationLandscapeLeft UIInterfaceOrientationLandscapeRight";
				INFOPLIST_KEY_UISupportedInterfaceOrientations_iPhone = "UIInterfaceOrientationPortrait UIInterfaceOrientationLandscapeLeft UIInterfaceOrientationLandscapeRight";
				LD_RUNPATH_SEARCH_PATHS = (
					"$(inherited)",
					"@executable_path/Frameworks",
				);
				MARKETING_VERSION = 1.0;
				PRODUCT_BUNDLE_IDENTIFIER = "Petrik-s-team.iOS4-HW11";
				PRODUCT_NAME = "$(TARGET_NAME)";
				SWIFT_EMIT_LOC_STRINGS = YES;
				SWIFT_VERSION = 5.0;
				TARGETED_DEVICE_FAMILY = "1,2";
			};
			name = Debug;
		};
		6DE60BC52747D15600925D7A /* Release */ = {
			isa = XCBuildConfiguration;
			buildSettings = {
				ASSETCATALOG_COMPILER_APPICON_NAME = AppIcon;
				ASSETCATALOG_COMPILER_GLOBAL_ACCENT_COLOR_NAME = AccentColor;
				CODE_SIGN_STYLE = Automatic;
				CURRENT_PROJECT_VERSION = 1;
				DEVELOPMENT_TEAM = ZB4T6SD8SN;
				GENERATE_INFOPLIST_FILE = YES;
				INFOPLIST_FILE = "iOS4-HW11/Info.plist";
				INFOPLIST_KEY_UIApplicationSupportsIndirectInputEvents = YES;
				INFOPLIST_KEY_UILaunchStoryboardName = LaunchScreen;
				INFOPLIST_KEY_UIMainStoryboardFile = Main;
				INFOPLIST_KEY_UISupportedInterfaceOrientations_iPad = "UIInterfaceOrientationPortrait UIInterfaceOrientationPortraitUpsideDown UIInterfaceOrientationLandscapeLeft UIInterfaceOrientationLandscapeRight";
				INFOPLIST_KEY_UISupportedInterfaceOrientations_iPhone = "UIInterfaceOrientationPortrait UIInterfaceOrientationLandscapeLeft UIInterfaceOrientationLandscapeRight";
				LD_RUNPATH_SEARCH_PATHS = (
					"$(inherited)",
					"@executable_path/Frameworks",
				);
				MARKETING_VERSION = 1.0;
				PRODUCT_BUNDLE_IDENTIFIER = "Petrik-s-team.iOS4-HW11";
				PRODUCT_NAME = "$(TARGET_NAME)";
				SWIFT_EMIT_LOC_STRINGS = YES;
				SWIFT_VERSION = 5.0;
				TARGETED_DEVICE_FAMILY = "1,2";
			};
			name = Release;
		};
/* End XCBuildConfiguration section */

/* Begin XCConfigurationList section */
		6DE60BAA2747D15400925D7A /* Build configuration list for PBXProject "iOS4-HW11" */ = {
			isa = XCConfigurationList;
			buildConfigurations = (
				6DE60BC12747D15600925D7A /* Debug */,
				6DE60BC22747D15600925D7A /* Release */,
			);
			defaultConfigurationIsVisible = 0;
			defaultConfigurationName = Release;
		};
		6DE60BC32747D15600925D7A /* Build configuration list for PBXNativeTarget "iOS4-HW11" */ = {
			isa = XCConfigurationList;
			buildConfigurations = (
				6DE60BC42747D15600925D7A /* Debug */,
				6DE60BC52747D15600925D7A /* Release */,
			);
			defaultConfigurationIsVisible = 0;
			defaultConfigurationName = Release;
		};
/* End XCConfigurationList section */
	};
	rootObject = 6DE60BA72747D15400925D7A /* Project object */;
}
